
Microsoft Visual Studio Solution File, Format Version 12.00
# Visual Studio 14
VisualStudioVersion = 14.0.25420.1
MinimumVisualStudioVersion = 10.0.40219.1
Project("{FAE04EC0-301F-11D3-BF4B-00C04F79EFBC}") = "GamesImHere", "GamesImHere\GamesImHere.csproj", "{A98362E3-D1DF-4F8C-990C-4C941B7D1960}"
EndProject
Project("{FAE04EC0-301F-11D3-BF4B-00C04F79EFBC}") = "GamesImHereData", "GamesImHereData\GamesImHereData.csproj", "{4412E7EF-F27C-4C73-A086-D0F6D2E5FD53}"
EndProject
Global
	GlobalSection(SolutionConfigurationPlatforms) = preSolution
		Debug|Any CPU = Debug|Any CPU
		Release|Any CPU = Release|Any CPU
	EndGlobalSection
	GlobalSection(ProjectConfigurationPlatforms) = postSolution
		{A98362E3-D1DF-4F8C-990C-4C941B7D1960}.Debug|Any CPU.ActiveCfg = Debug|Any CPU
		{A98362E3-D1DF-4F8C-990C-4C941B7D1960}.Debug|Any CPU.Build.0 = Debug|Any CPU
		{A98362E3-D1DF-4F8C-990C-4C941B7D1960}.Release|Any CPU.ActiveCfg = Release|Any CPU
		{A98362E3-D1DF-4F8C-990C-4C941B7D1960}.Release|Any CPU.Build.0 = Release|Any CPU
		{4412E7EF-F27C-4C73-A086-D0F6D2E5FD53}.Debug|Any CPU.ActiveCfg = Debug|Any CPU
		{4412E7EF-F27C-4C73-A086-D0F6D2E5FD53}.Debug|Any CPU.Build.0 = Debug|Any CPU
		{4412E7EF-F27C-4C73-A086-D0F6D2E5FD53}.Release|Any CPU.ActiveCfg = Release|Any CPU
		{4412E7EF-F27C-4C73-A086-D0F6D2E5FD53}.Release|Any CPU.Build.0 = Release|Any CPU
	EndGlobalSection
	GlobalSection(SolutionProperties) = preSolution
		HideSolutionNode = FALSE
	EndGlobalSection
EndGlobal
